
Microsoft Visual Studio Solution File, Format Version 12.00
Project("{FAE04EC0-301F-11D3-BF4B-00C04F79EFBC}") = "KafkaWeb", "KafkaWeb\KafkaWeb.csproj", "{27DB465D-B9FB-4AE3-A761-D912383A5A5A}"
EndProject
Global
	GlobalSection(SolutionConfigurationPlatforms) = preSolution
		Debug|Any CPU = Debug|Any CPU
		Release|Any CPU = Release|Any CPU
	EndGlobalSection
	GlobalSection(ProjectConfigurationPlatforms) = postSolution
		{27DB465D-B9FB-4AE3-A761-D912383A5A5A}.Debug|Any CPU.ActiveCfg = Debug|Any CPU
		{27DB465D-B9FB-4AE3-A761-D912383A5A5A}.Debug|Any CPU.Build.0 = Debug|Any CPU
		{27DB465D-B9FB-4AE3-A761-D912383A5A5A}.Release|Any CPU.ActiveCfg = Release|Any CPU
		{27DB465D-B9FB-4AE3-A761-D912383A5A5A}.Release|Any CPU.Build.0 = Release|Any CPU
	EndGlobalSection
EndGlobal
